// !$*UTF8*$!
{
	archiveVersion = 1;
	classes = {
	};
	objectVersion = 48;
	objects = {

/* Begin PBXBuildFile section */
		AB008C3E20236B27005D96D7 /* CompressionStream.swift in Sources */ = {isa = PBXBuildFile; fileRef = AB008C3D20236B27005D96D7 /* CompressionStream.swift */; };
		AB008C3F20236B27005D96D7 /* CompressionStream.swift in Sources */ = {isa = PBXBuildFile; fileRef = AB008C3D20236B27005D96D7 /* CompressionStream.swift */; };
		AB008C4520238572005D96D7 /* ZipStructs.swift in Sources */ = {isa = PBXBuildFile; fileRef = AB008C4420238572005D96D7 /* ZipStructs.swift */; };
		AB008C4620238572005D96D7 /* ZipStructs.swift in Sources */ = {isa = PBXBuildFile; fileRef = AB008C4420238572005D96D7 /* ZipStructs.swift */; };
		AB008C47202385B5005D96D7 /* EndOfCentralDirectoryRecord.swift in Sources */ = {isa = PBXBuildFile; fileRef = ABF35D50200575110026FB82 /* EndOfCentralDirectoryRecord.swift */; };
		AB008C48202385B5005D96D7 /* EndOfCentralDirectoryRecord.swift in Sources */ = {isa = PBXBuildFile; fileRef = ABF35D50200575110026FB82 /* EndOfCentralDirectoryRecord.swift */; };
		AB008C4C20238629005D96D7 /* ZipError.swift in Sources */ = {isa = PBXBuildFile; fileRef = AB008C4B20238629005D96D7 /* ZipError.swift */; };
		AB008C4D20238629005D96D7 /* ZipError.swift in Sources */ = {isa = PBXBuildFile; fileRef = AB008C4B20238629005D96D7 /* ZipError.swift */; };
		AB008C4E202386F4005D96D7 /* Zip64.swift in Sources */ = {isa = PBXBuildFile; fileRef = ABAE08C220079C050017493E /* Zip64.swift */; };
		AB008C4F202386F4005D96D7 /* Zip64.swift in Sources */ = {isa = PBXBuildFile; fileRef = ABAE08C220079C050017493E /* Zip64.swift */; };
		AB008C50202387B6005D96D7 /* ExtensibleData.swift in Sources */ = {isa = PBXBuildFile; fileRef = AB0AB47B200835DA00D894D2 /* ExtensibleData.swift */; };
		AB008C51202387B6005D96D7 /* ExtensibleData.swift in Sources */ = {isa = PBXBuildFile; fileRef = AB0AB47B200835DA00D894D2 /* ExtensibleData.swift */; };
		AB008C5320238C4F005D96D7 /* CentralDirectory.swift in Sources */ = {isa = PBXBuildFile; fileRef = AB008C5220238C4F005D96D7 /* CentralDirectory.swift */; };
		AB008C5420238C4F005D96D7 /* CentralDirectory.swift in Sources */ = {isa = PBXBuildFile; fileRef = AB008C5220238C4F005D96D7 /* CentralDirectory.swift */; };
		AB008C5E2024CC27005D96D7 /* ZipTests.swift in Sources */ = {isa = PBXBuildFile; fileRef = AB008C5D2024CC27005D96D7 /* ZipTests.swift */; };
		AB008C5F2024CC27005D96D7 /* ZipTests.swift in Sources */ = {isa = PBXBuildFile; fileRef = AB008C5D2024CC27005D96D7 /* ZipTests.swift */; };
		AB07FDAF2004DFE900863790 /* DataReader.swift in Sources */ = {isa = PBXBuildFile; fileRef = AB07FDAE2004DFE900863790 /* DataReader.swift */; };
		AB07FDB02004DFE900863790 /* DataReader.swift in Sources */ = {isa = PBXBuildFile; fileRef = AB07FDAE2004DFE900863790 /* DataReader.swift */; };
		AB0AB4882008561700D894D2 /* DataReaderTests.swift in Sources */ = {isa = PBXBuildFile; fileRef = AB0AB4872008561700D894D2 /* DataReaderTests.swift */; };
		AB0AB4892008561700D894D2 /* DataReaderTests.swift in Sources */ = {isa = PBXBuildFile; fileRef = AB0AB4872008561700D894D2 /* DataReaderTests.swift */; };
		AB0C4B7A2004512A007AC5A2 /* Zippy.framework in Frameworks */ = {isa = PBXBuildFile; fileRef = AB0C4B712004512A007AC5A2 /* Zippy.framework */; };
		AB0C4B8920045182007AC5A2 /* Zippy.h in Headers */ = {isa = PBXBuildFile; fileRef = AB0C4B552004502C007AC5A2 /* Zippy.h */; settings = {ATTRIBUTES = (Public, ); }; };
		AB0C4B98200451D2007AC5A2 /* Zippy.framework in Frameworks */ = {isa = PBXBuildFile; fileRef = AB0C4B8F200451D2007AC5A2 /* Zippy.framework */; };
		AB0C4BA620045202007AC5A2 /* Zippy.h in Headers */ = {isa = PBXBuildFile; fileRef = AB0C4B552004502C007AC5A2 /* Zippy.h */; settings = {ATTRIBUTES = (Public, ); }; };
		AB0C4BAF200454D1007AC5A2 /* GzipStream.swift in Sources */ = {isa = PBXBuildFile; fileRef = AB0C4BAE200454D1007AC5A2 /* GzipStream.swift */; };
		AB0C4BB0200454D1007AC5A2 /* GzipStream.swift in Sources */ = {isa = PBXBuildFile; fileRef = AB0C4BAE200454D1007AC5A2 /* GzipStream.swift */; };
		AB29FD0D2193367100FC576C /* ZipFileEntry.swift in Sources */ = {isa = PBXBuildFile; fileRef = AB29FD0C2193367100FC576C /* ZipFileEntry.swift */; };
		AB29FD0E219336C200FC576C /* ZipFileEntry.swift in Sources */ = {isa = PBXBuildFile; fileRef = AB29FD0C2193367100FC576C /* ZipFileEntry.swift */; };
		AB67B32B2024FC350054AAA9 /* CompressionStreamTests.swift in Sources */ = {isa = PBXBuildFile; fileRef = AB67B32A2024FC350054AAA9 /* CompressionStreamTests.swift */; };
		AB67B32C2024FC350054AAA9 /* CompressionStreamTests.swift in Sources */ = {isa = PBXBuildFile; fileRef = AB67B32A2024FC350054AAA9 /* CompressionStreamTests.swift */; };
		AB67B3312025003D0054AAA9 /* Testdata in Resources */ = {isa = PBXBuildFile; fileRef = AB67B3302025003D0054AAA9 /* Testdata */; };
		AB67B3322025003D0054AAA9 /* Testdata in Resources */ = {isa = PBXBuildFile; fileRef = AB67B3302025003D0054AAA9 /* Testdata */; };
		AB86323D219523EF0037CB56 /* CompressedFileInfo.swift in Sources */ = {isa = PBXBuildFile; fileRef = AB86323C219523EF0037CB56 /* CompressedFileInfo.swift */; };
		AB86323F219524000037CB56 /* CompressedArchiveError.swift in Sources */ = {isa = PBXBuildFile; fileRef = AB86323E219524000037CB56 /* CompressedArchiveError.swift */; };
		AB8632412195263F0037CB56 /* CompressedArchiveDelegate.swift in Sources */ = {isa = PBXBuildFile; fileRef = AB8632402195263F0037CB56 /* CompressedArchiveDelegate.swift */; };
		AB8632422195265D0037CB56 /* CompressedArchiveDelegate.swift in Sources */ = {isa = PBXBuildFile; fileRef = AB8632402195263F0037CB56 /* CompressedArchiveDelegate.swift */; };
		AB8632432195265D0037CB56 /* CompressedArchiveError.swift in Sources */ = {isa = PBXBuildFile; fileRef = AB86323E219524000037CB56 /* CompressedArchiveError.swift */; };
		AB8632442195265D0037CB56 /* CompressedFileInfo.swift in Sources */ = {isa = PBXBuildFile; fileRef = AB86323C219523EF0037CB56 /* CompressedFileInfo.swift */; };
		AB8ABB8C2193D25900DCE911 /* LocalFileHeader.swift in Sources */ = {isa = PBXBuildFile; fileRef = AB8ABB8B2193D25900DCE911 /* LocalFileHeader.swift */; };
		AB8ABB8D2193D25900DCE911 /* LocalFileHeader.swift in Sources */ = {isa = PBXBuildFile; fileRef = AB8ABB8B2193D25900DCE911 /* LocalFileHeader.swift */; };
		ABA446B6200464400097CC79 /* CompressedArchive.swift in Sources */ = {isa = PBXBuildFile; fileRef = ABA446B5200464400097CC79 /* CompressedArchive.swift */; };
		ABA446B7200464400097CC79 /* CompressedArchive.swift in Sources */ = {isa = PBXBuildFile; fileRef = ABA446B5200464400097CC79 /* CompressedArchive.swift */; };
		ABA51E35200B62BA00A1F052 /* DataReaderMultiSegmentTests.swift in Sources */ = {isa = PBXBuildFile; fileRef = ABA51E34200B62BA00A1F052 /* DataReaderMultiSegmentTests.swift */; };
		ABA51E36200B62BA00A1F052 /* DataReaderMultiSegmentTests.swift in Sources */ = {isa = PBXBuildFile; fileRef = ABA51E34200B62BA00A1F052 /* DataReaderMultiSegmentTests.swift */; };
		ABE633A420CFA59F00E28428 /* ZipArchive.swift in Sources */ = {isa = PBXBuildFile; fileRef = ABE633A320CFA59F00E28428 /* ZipArchive.swift */; };
		ABE633A520CFA59F00E28428 /* ZipArchive.swift in Sources */ = {isa = PBXBuildFile; fileRef = ABE633A320CFA59F00E28428 /* ZipArchive.swift */; };
		ABE85E69202507EC00FC12F1 /* SplitZipTests.swift in Sources */ = {isa = PBXBuildFile; fileRef = ABE85E68202507EC00FC12F1 /* SplitZipTests.swift */; };
		ABE85E6A202507EC00FC12F1 /* SplitZipTests.swift in Sources */ = {isa = PBXBuildFile; fileRef = ABE85E68202507EC00FC12F1 /* SplitZipTests.swift */; };
		ABE85E6C202507FA00FC12F1 /* Zip64Tests.swift in Sources */ = {isa = PBXBuildFile; fileRef = ABE85E6B202507FA00FC12F1 /* Zip64Tests.swift */; };
		ABE85E6D202507FA00FC12F1 /* Zip64Tests.swift in Sources */ = {isa = PBXBuildFile; fileRef = ABE85E6B202507FA00FC12F1 /* Zip64Tests.swift */; };
		ABE85E6F202537F000FC12F1 /* WeakEncryptionZipTests.swift in Sources */ = {isa = PBXBuildFile; fileRef = ABE85E6E202537F000FC12F1 /* WeakEncryptionZipTests.swift */; };
		ABE85E70202537F000FC12F1 /* WeakEncryptionZipTests.swift in Sources */ = {isa = PBXBuildFile; fileRef = ABE85E6E202537F000FC12F1 /* WeakEncryptionZipTests.swift */; };
		ABE85E7320253CBC00FC12F1 /* CRC.swift in Sources */ = {isa = PBXBuildFile; fileRef = ABE85E7220253CBC00FC12F1 /* CRC.swift */; };
		ABE85E7420253CBC00FC12F1 /* CRC.swift in Sources */ = {isa = PBXBuildFile; fileRef = ABE85E7220253CBC00FC12F1 /* CRC.swift */; };
/* End PBXBuildFile section */

/* Begin PBXContainerItemProxy section */
		AB0C4B7B2004512A007AC5A2 /* PBXContainerItemProxy */ = {
			isa = PBXContainerItemProxy;
			containerPortal = AB0C4B492004502C007AC5A2 /* Project object */;
			proxyType = 1;
			remoteGlobalIDString = AB0C4B702004512A007AC5A2;
			remoteInfo = Zippy;
		};
		AB0C4B99200451D2007AC5A2 /* PBXContainerItemProxy */ = {
			isa = PBXContainerItemProxy;
			containerPortal = AB0C4B492004502C007AC5A2 /* Project object */;
			proxyType = 1;
			remoteGlobalIDString = AB0C4B8E200451D2007AC5A2;
			remoteInfo = Zippy;
		};
/* End PBXContainerItemProxy section */

/* Begin PBXFileReference section */
		AB008C3D20236B27005D96D7 /* CompressionStream.swift */ = {isa = PBXFileReference; lastKnownFileType = sourcecode.swift; path = CompressionStream.swift; sourceTree = "<group>"; };
		AB008C4420238572005D96D7 /* ZipStructs.swift */ = {isa = PBXFileReference; lastKnownFileType = sourcecode.swift; path = ZipStructs.swift; sourceTree = "<group>"; };
		AB008C4B20238629005D96D7 /* ZipError.swift */ = {isa = PBXFileReference; lastKnownFileType = sourcecode.swift; path = ZipError.swift; sourceTree = "<group>"; };
		AB008C5220238C4F005D96D7 /* CentralDirectory.swift */ = {isa = PBXFileReference; lastKnownFileType = sourcecode.swift; path = CentralDirectory.swift; sourceTree = "<group>"; };
		AB008C5D2024CC27005D96D7 /* ZipTests.swift */ = {isa = PBXFileReference; lastKnownFileType = sourcecode.swift; path = ZipTests.swift; sourceTree = "<group>"; };
		AB07FDAE2004DFE900863790 /* DataReader.swift */ = {isa = PBXFileReference; lastKnownFileType = sourcecode.swift; path = DataReader.swift; sourceTree = "<group>"; };
		AB0AB478200833EC00D894D2 /* ZipErrors.swift */ = {isa = PBXFileReference; lastKnownFileType = sourcecode.swift; path = ZipErrors.swift; sourceTree = "<group>"; };
		AB0AB47B200835DA00D894D2 /* ExtensibleData.swift */ = {isa = PBXFileReference; lastKnownFileType = sourcecode.swift; path = ExtensibleData.swift; sourceTree = "<group>"; };
		AB0AB48420084BAE00D894D2 /* FileEntry.swift */ = {isa = PBXFileReference; lastKnownFileType = sourcecode.swift; path = FileEntry.swift; sourceTree = "<group>"; };
		AB0AB4872008561700D894D2 /* DataReaderTests.swift */ = {isa = PBXFileReference; lastKnownFileType = sourcecode.swift; path = DataReaderTests.swift; sourceTree = "<group>"; };
		AB0C4B552004502C007AC5A2 /* Zippy.h */ = {isa = PBXFileReference; lastKnownFileType = sourcecode.c.h; path = Zippy.h; sourceTree = "<group>"; };
		AB0C4B562004502C007AC5A2 /* Info.plist */ = {isa = PBXFileReference; lastKnownFileType = text.plist.xml; path = Info.plist; sourceTree = "<group>"; };
		AB0C4B622004502D007AC5A2 /* Info.plist */ = {isa = PBXFileReference; lastKnownFileType = text.plist.xml; path = Info.plist; sourceTree = "<group>"; };
		AB0C4B712004512A007AC5A2 /* Zippy.framework */ = {isa = PBXFileReference; explicitFileType = wrapper.framework; includeInIndex = 0; path = Zippy.framework; sourceTree = BUILT_PRODUCTS_DIR; };
		AB0C4B792004512A007AC5A2 /* ZippyTests-macOS.xctest */ = {isa = PBXFileReference; explicitFileType = wrapper.cfbundle; includeInIndex = 0; path = "ZippyTests-macOS.xctest"; sourceTree = BUILT_PRODUCTS_DIR; };
		AB0C4B8F200451D2007AC5A2 /* Zippy.framework */ = {isa = PBXFileReference; explicitFileType = wrapper.framework; includeInIndex = 0; path = Zippy.framework; sourceTree = BUILT_PRODUCTS_DIR; };
		AB0C4B97200451D2007AC5A2 /* ZippyTests-iOS.xctest */ = {isa = PBXFileReference; explicitFileType = wrapper.cfbundle; includeInIndex = 0; path = "ZippyTests-iOS.xctest"; sourceTree = BUILT_PRODUCTS_DIR; };
		AB0C4BAB2004548E007AC5A2 /* ZipArchive.swift */ = {isa = PBXFileReference; lastKnownFileType = sourcecode.swift; path = ZipArchive.swift; sourceTree = "<group>"; };
		AB0C4BAE200454D1007AC5A2 /* GzipStream.swift */ = {isa = PBXFileReference; lastKnownFileType = sourcecode.swift; path = GzipStream.swift; sourceTree = "<group>"; };
		AB29FD0C2193367100FC576C /* ZipFileEntry.swift */ = {isa = PBXFileReference; lastKnownFileType = sourcecode.swift; path = ZipFileEntry.swift; sourceTree = "<group>"; };
		AB341D7720070C4500E12401 /* ZipArchiveDelegate.swift */ = {isa = PBXFileReference; lastKnownFileType = sourcecode.swift; path = ZipArchiveDelegate.swift; sourceTree = "<group>"; };
		AB67B32A2024FC350054AAA9 /* CompressionStreamTests.swift */ = {isa = PBXFileReference; lastKnownFileType = sourcecode.swift; path = CompressionStreamTests.swift; sourceTree = "<group>"; };
		AB67B3302025003D0054AAA9 /* Testdata */ = {isa = PBXFileReference; lastKnownFileType = folder; path = Testdata; sourceTree = "<group>"; };
		AB86323C219523EF0037CB56 /* CompressedFileInfo.swift */ = {isa = PBXFileReference; lastKnownFileType = sourcecode.swift; path = CompressedFileInfo.swift; sourceTree = "<group>"; };
		AB86323E219524000037CB56 /* CompressedArchiveError.swift */ = {isa = PBXFileReference; lastKnownFileType = sourcecode.swift; path = CompressedArchiveError.swift; sourceTree = "<group>"; };
		AB8632402195263F0037CB56 /* CompressedArchiveDelegate.swift */ = {isa = PBXFileReference; lastKnownFileType = sourcecode.swift; path = CompressedArchiveDelegate.swift; sourceTree = "<group>"; };
		AB8ABB8B2193D25900DCE911 /* LocalFileHeader.swift */ = {isa = PBXFileReference; lastKnownFileType = sourcecode.swift; path = LocalFileHeader.swift; sourceTree = "<group>"; };
		ABA446B5200464400097CC79 /* CompressedArchive.swift */ = {isa = PBXFileReference; lastKnownFileType = sourcecode.swift; path = CompressedArchive.swift; sourceTree = "<group>"; };
		ABA51E34200B62BA00A1F052 /* DataReaderMultiSegmentTests.swift */ = {isa = PBXFileReference; lastKnownFileType = sourcecode.swift; path = DataReaderMultiSegmentTests.swift; sourceTree = "<group>"; };
		ABAE08C220079C050017493E /* Zip64.swift */ = {isa = PBXFileReference; fileEncoding = 4; lastKnownFileType = sourcecode.swift; path = Zip64.swift; sourceTree = "<group>"; };
		ABCC1F062010470100939CFB /* CentralDirectoryFileHeader.swift */ = {isa = PBXFileReference; lastKnownFileType = sourcecode.swift; path = CentralDirectoryFileHeader.swift; sourceTree = "<group>"; };
		ABE633A320CFA59F00E28428 /* ZipArchive.swift */ = {isa = PBXFileReference; lastKnownFileType = sourcecode.swift; path = ZipArchive.swift; sourceTree = "<group>"; };
		ABE85E68202507EC00FC12F1 /* SplitZipTests.swift */ = {isa = PBXFileReference; lastKnownFileType = sourcecode.swift; path = SplitZipTests.swift; sourceTree = "<group>"; };
		ABE85E6B202507FA00FC12F1 /* Zip64Tests.swift */ = {isa = PBXFileReference; lastKnownFileType = sourcecode.swift; path = Zip64Tests.swift; sourceTree = "<group>"; };
		ABE85E6E202537F000FC12F1 /* WeakEncryptionZipTests.swift */ = {isa = PBXFileReference; lastKnownFileType = sourcecode.swift; path = WeakEncryptionZipTests.swift; sourceTree = "<group>"; };
		ABE85E7220253CBC00FC12F1 /* CRC.swift */ = {isa = PBXFileReference; fileEncoding = 4; lastKnownFileType = sourcecode.swift; path = CRC.swift; sourceTree = "<group>"; };
		ABF35D50200575110026FB82 /* EndOfCentralDirectoryRecord.swift */ = {isa = PBXFileReference; fileEncoding = 4; lastKnownFileType = sourcecode.swift; path = EndOfCentralDirectoryRecord.swift; sourceTree = "<group>"; };
		ABF35D562005753A0026FB82 /* Zip.swift */ = {isa = PBXFileReference; fileEncoding = 4; lastKnownFileType = sourcecode.swift; path = Zip.swift; sourceTree = "<group>"; };
/* End PBXFileReference section */

/* Begin PBXFrameworksBuildPhase section */
		AB0C4B6D2004512A007AC5A2 /* Frameworks */ = {
			isa = PBXFrameworksBuildPhase;
			buildActionMask = 2147483647;
			files = (
			);
			runOnlyForDeploymentPostprocessing = 0;
		};
		AB0C4B762004512A007AC5A2 /* Frameworks */ = {
			isa = PBXFrameworksBuildPhase;
			buildActionMask = 2147483647;
			files = (
				AB0C4B7A2004512A007AC5A2 /* Zippy.framework in Frameworks */,
			);
			runOnlyForDeploymentPostprocessing = 0;
		};
		AB0C4B8B200451D2007AC5A2 /* Frameworks */ = {
			isa = PBXFrameworksBuildPhase;
			buildActionMask = 2147483647;
			files = (
			);
			runOnlyForDeploymentPostprocessing = 0;
		};
		AB0C4B94200451D2007AC5A2 /* Frameworks */ = {
			isa = PBXFrameworksBuildPhase;
			buildActionMask = 2147483647;
			files = (
				AB0C4B98200451D2007AC5A2 /* Zippy.framework in Frameworks */,
			);
			runOnlyForDeploymentPostprocessing = 0;
		};
/* End PBXFrameworksBuildPhase section */

/* Begin PBXGroup section */
		AB008C39202362D4005D96D7 /* Shared */ = {
			isa = PBXGroup;
			children = (
				AB07FDAE2004DFE900863790 /* DataReader.swift */,
				AB008C3D20236B27005D96D7 /* CompressionStream.swift */,
				ABE85E7220253CBC00FC12F1 /* CRC.swift */,
			);
			path = Shared;
			sourceTree = "<group>";
		};
		AB008C4020238340005D96D7 /* Zip */ = {
			isa = PBXGroup;
			children = (
				ABE633A320CFA59F00E28428 /* ZipArchive.swift */,
				AB29FD0C2193367100FC576C /* ZipFileEntry.swift */,
				AB008C4B20238629005D96D7 /* ZipError.swift */,
				AB008C4420238572005D96D7 /* ZipStructs.swift */,
				AB008C5220238C4F005D96D7 /* CentralDirectory.swift */,
				AB8ABB8B2193D25900DCE911 /* LocalFileHeader.swift */,
				AB0AB47B200835DA00D894D2 /* ExtensibleData.swift */,
				ABAE08C220079C050017493E /* Zip64.swift */,
				ABF35D50200575110026FB82 /* EndOfCentralDirectoryRecord.swift */,
			);
			path = Zip;
			sourceTree = "<group>";
		};
		AB0C4B482004502C007AC5A2 = {
			isa = PBXGroup;
			children = (
				AB0C4B542004502C007AC5A2 /* Zippy */,
				AB0C4B5F2004502D007AC5A2 /* ZippyTests */,
				AB0C4B532004502C007AC5A2 /* Products */,
			);
			sourceTree = "<group>";
		};
		AB0C4B532004502C007AC5A2 /* Products */ = {
			isa = PBXGroup;
			children = (
				AB0C4B712004512A007AC5A2 /* Zippy.framework */,
				AB0C4B792004512A007AC5A2 /* ZippyTests-macOS.xctest */,
				AB0C4B8F200451D2007AC5A2 /* Zippy.framework */,
				AB0C4B97200451D2007AC5A2 /* ZippyTests-iOS.xctest */,
			);
			name = Products;
			sourceTree = "<group>";
		};
		AB0C4B542004502C007AC5A2 /* Zippy */ = {
			isa = PBXGroup;
			children = (
				ABA446B5200464400097CC79 /* CompressedArchive.swift */,
				AB8632402195263F0037CB56 /* CompressedArchiveDelegate.swift */,
				AB86323E219524000037CB56 /* CompressedArchiveError.swift */,
				AB86323C219523EF0037CB56 /* CompressedFileInfo.swift */,
				AB008C39202362D4005D96D7 /* Shared */,
				AB008C4020238340005D96D7 /* Zip */,
				AB0C4BB420045714007AC5A2 /* Zip_old */,
				AB0C4BB520045745007AC5A2 /* Gzip */,
				AB0C4B552004502C007AC5A2 /* Zippy.h */,
				AB0C4B562004502C007AC5A2 /* Info.plist */,
			);
			path = Zippy;
			sourceTree = "<group>";
		};
		AB0C4B5F2004502D007AC5A2 /* ZippyTests */ = {
			isa = PBXGroup;
			children = (
				AB67B3302025003D0054AAA9 /* Testdata */,
				ABE85E712025380E00FC12F1 /* Zip Tests */,
				AB67B32A2024FC350054AAA9 /* CompressionStreamTests.swift */,
				AB0AB4872008561700D894D2 /* DataReaderTests.swift */,
				ABA51E34200B62BA00A1F052 /* DataReaderMultiSegmentTests.swift */,
				AB0C4B622004502D007AC5A2 /* Info.plist */,
			);
			path = ZippyTests;
			sourceTree = "<group>";
		};
		AB0C4BB420045714007AC5A2 /* Zip_old */ = {
			isa = PBXGroup;
			children = (
				AB0C4BAB2004548E007AC5A2 /* ZipArchive.swift */,
				AB341D7720070C4500E12401 /* ZipArchiveDelegate.swift */,
				AB0AB48420084BAE00D894D2 /* FileEntry.swift */,
				ABCC1F062010470100939CFB /* CentralDirectoryFileHeader.swift */,
				AB0AB478200833EC00D894D2 /* ZipErrors.swift */,
				ABF35D562005753A0026FB82 /* Zip.swift */,
			);
			path = Zip_old;
			sourceTree = "<group>";
		};
		AB0C4BB520045745007AC5A2 /* Gzip */ = {
			isa = PBXGroup;
			children = (
				AB0C4BAE200454D1007AC5A2 /* GzipStream.swift */,
			);
			path = Gzip;
			sourceTree = "<group>";
		};
		ABE85E712025380E00FC12F1 /* Zip Tests */ = {
			isa = PBXGroup;
			children = (
				AB008C5D2024CC27005D96D7 /* ZipTests.swift */,
				ABE85E6B202507FA00FC12F1 /* Zip64Tests.swift */,
				ABE85E68202507EC00FC12F1 /* SplitZipTests.swift */,
				ABE85E6E202537F000FC12F1 /* WeakEncryptionZipTests.swift */,
			);
			path = "Zip Tests";
			sourceTree = "<group>";
		};
/* End PBXGroup section */

/* Begin PBXHeadersBuildPhase section */
		AB0C4B6E2004512A007AC5A2 /* Headers */ = {
			isa = PBXHeadersBuildPhase;
			buildActionMask = 2147483647;
			files = (
				AB0C4B8920045182007AC5A2 /* Zippy.h in Headers */,
			);
			runOnlyForDeploymentPostprocessing = 0;
		};
		AB0C4B8C200451D2007AC5A2 /* Headers */ = {
			isa = PBXHeadersBuildPhase;
			buildActionMask = 2147483647;
			files = (
				AB0C4BA620045202007AC5A2 /* Zippy.h in Headers */,
			);
			runOnlyForDeploymentPostprocessing = 0;
		};
/* End PBXHeadersBuildPhase section */

/* Begin PBXNativeTarget section */
		AB0C4B702004512A007AC5A2 /* Zippy-macOS */ = {
			isa = PBXNativeTarget;
			buildConfigurationList = AB0C4B822004512A007AC5A2 /* Build configuration list for PBXNativeTarget "Zippy-macOS" */;
			buildPhases = (
				AB0C4B6C2004512A007AC5A2 /* Sources */,
				AB0C4B6D2004512A007AC5A2 /* Frameworks */,
				AB0C4B6E2004512A007AC5A2 /* Headers */,
				AB0C4B6F2004512A007AC5A2 /* Resources */,
			);
			buildRules = (
			);
			dependencies = (
			);
			name = "Zippy-macOS";
			productName = Zippy;
			productReference = AB0C4B712004512A007AC5A2 /* Zippy.framework */;
			productType = "com.apple.product-type.framework";
		};
		AB0C4B782004512A007AC5A2 /* ZippyTests-macOS */ = {
			isa = PBXNativeTarget;
			buildConfigurationList = AB0C4B852004512A007AC5A2 /* Build configuration list for PBXNativeTarget "ZippyTests-macOS" */;
			buildPhases = (
				AB0C4B752004512A007AC5A2 /* Sources */,
				AB0C4B762004512A007AC5A2 /* Frameworks */,
				AB0C4B772004512A007AC5A2 /* Resources */,
			);
			buildRules = (
			);
			dependencies = (
				AB0C4B7C2004512A007AC5A2 /* PBXTargetDependency */,
			);
			name = "ZippyTests-macOS";
			productName = ZippyTests;
			productReference = AB0C4B792004512A007AC5A2 /* ZippyTests-macOS.xctest */;
			productType = "com.apple.product-type.bundle.unit-test";
		};
		AB0C4B8E200451D2007AC5A2 /* Zippy-iOS */ = {
			isa = PBXNativeTarget;
			buildConfigurationList = AB0C4BA0200451D2007AC5A2 /* Build configuration list for PBXNativeTarget "Zippy-iOS" */;
			buildPhases = (
				AB0C4B8A200451D2007AC5A2 /* Sources */,
				AB0C4B8B200451D2007AC5A2 /* Frameworks */,
				AB0C4B8C200451D2007AC5A2 /* Headers */,
				AB0C4B8D200451D2007AC5A2 /* Resources */,
			);
			buildRules = (
			);
			dependencies = (
			);
			name = "Zippy-iOS";
			productName = Zippy;
			productReference = AB0C4B8F200451D2007AC5A2 /* Zippy.framework */;
			productType = "com.apple.product-type.framework";
		};
		AB0C4B96200451D2007AC5A2 /* ZippyTests-iOS */ = {
			isa = PBXNativeTarget;
			buildConfigurationList = AB0C4BA3200451D2007AC5A2 /* Build configuration list for PBXNativeTarget "ZippyTests-iOS" */;
			buildPhases = (
				AB0C4B93200451D2007AC5A2 /* Sources */,
				AB0C4B94200451D2007AC5A2 /* Frameworks */,
				AB0C4B95200451D2007AC5A2 /* Resources */,
			);
			buildRules = (
			);
			dependencies = (
				AB0C4B9A200451D2007AC5A2 /* PBXTargetDependency */,
			);
			name = "ZippyTests-iOS";
			productName = ZippyTests;
			productReference = AB0C4B97200451D2007AC5A2 /* ZippyTests-iOS.xctest */;
			productType = "com.apple.product-type.bundle.unit-test";
		};
/* End PBXNativeTarget section */

/* Begin PBXProject section */
		AB0C4B492004502C007AC5A2 /* Project object */ = {
			isa = PBXProject;
			attributes = {
				LastSwiftUpdateCheck = 0920;
				LastUpgradeCheck = 1000;
				ORGANIZATIONNAME = "Clemens Schulz";
				TargetAttributes = {
					AB0C4B702004512A007AC5A2 = {
						CreatedOnToolsVersion = 9.2;
						LastSwiftMigration = 1020;
						ProvisioningStyle = Automatic;
					};
					AB0C4B782004512A007AC5A2 = {
						CreatedOnToolsVersion = 9.2;
						LastSwiftMigration = 1020;
						ProvisioningStyle = Automatic;
					};
					AB0C4B8E200451D2007AC5A2 = {
						CreatedOnToolsVersion = 9.2;
						LastSwiftMigration = 0920;
						ProvisioningStyle = Automatic;
					};
					AB0C4B96200451D2007AC5A2 = {
						CreatedOnToolsVersion = 9.2;
						ProvisioningStyle = Automatic;
					};
				};
			};
			buildConfigurationList = AB0C4B4C2004502C007AC5A2 /* Build configuration list for PBXProject "Zippy" */;
			compatibilityVersion = "Xcode 8.0";
			developmentRegion = en;
			hasScannedForEncodings = 0;
			knownRegions = (
				en,
				Base,
			);
			mainGroup = AB0C4B482004502C007AC5A2;
			productRefGroup = AB0C4B532004502C007AC5A2 /* Products */;
			projectDirPath = "";
			projectRoot = "";
			targets = (
				AB0C4B8E200451D2007AC5A2 /* Zippy-iOS */,
				AB0C4B96200451D2007AC5A2 /* ZippyTests-iOS */,
				AB0C4B702004512A007AC5A2 /* Zippy-macOS */,
				AB0C4B782004512A007AC5A2 /* ZippyTests-macOS */,
			);
		};
/* End PBXProject section */

/* Begin PBXResourcesBuildPhase section */
		AB0C4B6F2004512A007AC5A2 /* Resources */ = {
			isa = PBXResourcesBuildPhase;
			buildActionMask = 2147483647;
			files = (
			);
			runOnlyForDeploymentPostprocessing = 0;
		};
		AB0C4B772004512A007AC5A2 /* Resources */ = {
			isa = PBXResourcesBuildPhase;
			buildActionMask = 2147483647;
			files = (
				AB67B3322025003D0054AAA9 /* Testdata in Resources */,
			);
			runOnlyForDeploymentPostprocessing = 0;
		};
		AB0C4B8D200451D2007AC5A2 /* Resources */ = {
			isa = PBXResourcesBuildPhase;
			buildActionMask = 2147483647;
			files = (
			);
			runOnlyForDeploymentPostprocessing = 0;
		};
		AB0C4B95200451D2007AC5A2 /* Resources */ = {
			isa = PBXResourcesBuildPhase;
			buildActionMask = 2147483647;
			files = (
				AB67B3312025003D0054AAA9 /* Testdata in Resources */,
			);
			runOnlyForDeploymentPostprocessing = 0;
		};
/* End PBXResourcesBuildPhase section */

/* Begin PBXSourcesBuildPhase section */
		AB0C4B6C2004512A007AC5A2 /* Sources */ = {
			isa = PBXSourcesBuildPhase;
			buildActionMask = 2147483647;
			files = (
				AB8ABB8D2193D25900DCE911 /* LocalFileHeader.swift in Sources */,
				ABE633A520CFA59F00E28428 /* ZipArchive.swift in Sources */,
				AB8632422195265D0037CB56 /* CompressedArchiveDelegate.swift in Sources */,
				AB07FDB02004DFE900863790 /* DataReader.swift in Sources */,
				ABA446B7200464400097CC79 /* CompressedArchive.swift in Sources */,
				AB8632442195265D0037CB56 /* CompressedFileInfo.swift in Sources */,
				AB0C4BB0200454D1007AC5A2 /* GzipStream.swift in Sources */,
				ABE85E7420253CBC00FC12F1 /* CRC.swift in Sources */,
				AB008C4D20238629005D96D7 /* ZipError.swift in Sources */,
				AB8632432195265D0037CB56 /* CompressedArchiveError.swift in Sources */,
				AB008C3F20236B27005D96D7 /* CompressionStream.swift in Sources */,
				AB008C51202387B6005D96D7 /* ExtensibleData.swift in Sources */,
				AB29FD0E219336C200FC576C /* ZipFileEntry.swift in Sources */,
				AB008C4620238572005D96D7 /* ZipStructs.swift in Sources */,
				AB008C5420238C4F005D96D7 /* CentralDirectory.swift in Sources */,
				AB008C4F202386F4005D96D7 /* Zip64.swift in Sources */,
				AB008C48202385B5005D96D7 /* EndOfCentralDirectoryRecord.swift in Sources */,
			);
			runOnlyForDeploymentPostprocessing = 0;
		};
		AB0C4B752004512A007AC5A2 /* Sources */ = {
			isa = PBXSourcesBuildPhase;
			buildActionMask = 2147483647;
			files = (
				ABE85E70202537F000FC12F1 /* WeakEncryptionZipTests.swift in Sources */,
				ABE85E6A202507EC00FC12F1 /* SplitZipTests.swift in Sources */,
				AB0AB4892008561700D894D2 /* DataReaderTests.swift in Sources */,
				ABA51E36200B62BA00A1F052 /* DataReaderMultiSegmentTests.swift in Sources */,
				AB008C5F2024CC27005D96D7 /* ZipTests.swift in Sources */,
				ABE85E6D202507FA00FC12F1 /* Zip64Tests.swift in Sources */,
				AB67B32C2024FC350054AAA9 /* CompressionStreamTests.swift in Sources */,
			);
			runOnlyForDeploymentPostprocessing = 0;
		};
		AB0C4B8A200451D2007AC5A2 /* Sources */ = {
			isa = PBXSourcesBuildPhase;
			buildActionMask = 2147483647;
			files = (
				AB8ABB8C2193D25900DCE911 /* LocalFileHeader.swift in Sources */,
				ABE633A420CFA59F00E28428 /* ZipArchive.swift in Sources */,
				AB07FDAF2004DFE900863790 /* DataReader.swift in Sources */,
				ABA446B6200464400097CC79 /* CompressedArchive.swift in Sources */,
				AB86323D219523EF0037CB56 /* CompressedFileInfo.swift in Sources */,
				AB0C4BAF200454D1007AC5A2 /* GzipStream.swift in Sources */,
				ABE85E7320253CBC00FC12F1 /* CRC.swift in Sources */,
				AB008C4C20238629005D96D7 /* ZipError.swift in Sources */,
				AB86323F219524000037CB56 /* CompressedArchiveError.swift in Sources */,
				AB008C3E20236B27005D96D7 /* CompressionStream.swift in Sources */,
				AB8632412195263F0037CB56 /* CompressedArchiveDelegate.swift in Sources */,
				AB008C50202387B6005D96D7 /* ExtensibleData.swift in Sources */,
				AB29FD0D2193367100FC576C /* ZipFileEntry.swift in Sources */,
				AB008C4520238572005D96D7 /* ZipStructs.swift in Sources */,
				AB008C5320238C4F005D96D7 /* CentralDirectory.swift in Sources */,
				AB008C4E202386F4005D96D7 /* Zip64.swift in Sources */,
				AB008C47202385B5005D96D7 /* EndOfCentralDirectoryRecord.swift in Sources */,
			);
			runOnlyForDeploymentPostprocessing = 0;
		};
		AB0C4B93200451D2007AC5A2 /* Sources */ = {
			isa = PBXSourcesBuildPhase;
			buildActionMask = 2147483647;
			files = (
				ABE85E6F202537F000FC12F1 /* WeakEncryptionZipTests.swift in Sources */,
				ABE85E69202507EC00FC12F1 /* SplitZipTests.swift in Sources */,
				AB0AB4882008561700D894D2 /* DataReaderTests.swift in Sources */,
				ABA51E35200B62BA00A1F052 /* DataReaderMultiSegmentTests.swift in Sources */,
				AB008C5E2024CC27005D96D7 /* ZipTests.swift in Sources */,
				ABE85E6C202507FA00FC12F1 /* Zip64Tests.swift in Sources */,
				AB67B32B2024FC350054AAA9 /* CompressionStreamTests.swift in Sources */,
			);
			runOnlyForDeploymentPostprocessing = 0;
		};
/* End PBXSourcesBuildPhase section */

/* Begin PBXTargetDependency section */
		AB0C4B7C2004512A007AC5A2 /* PBXTargetDependency */ = {
			isa = PBXTargetDependency;
			target = AB0C4B702004512A007AC5A2 /* Zippy-macOS */;
			targetProxy = AB0C4B7B2004512A007AC5A2 /* PBXContainerItemProxy */;
		};
		AB0C4B9A200451D2007AC5A2 /* PBXTargetDependency */ = {
			isa = PBXTargetDependency;
			target = AB0C4B8E200451D2007AC5A2 /* Zippy-iOS */;
			targetProxy = AB0C4B99200451D2007AC5A2 /* PBXContainerItemProxy */;
		};
/* End PBXTargetDependency section */

/* Begin XCBuildConfiguration section */
		AB0C4B642004502D007AC5A2 /* Debug */ = {
			isa = XCBuildConfiguration;
			buildSettings = {
				ALWAYS_SEARCH_USER_PATHS = NO;
				CLANG_ANALYZER_NONNULL = YES;
				CLANG_ANALYZER_NUMBER_OBJECT_CONVERSION = YES_AGGRESSIVE;
				CLANG_CXX_LANGUAGE_STANDARD = "gnu++14";
				CLANG_CXX_LIBRARY = "libc++";
				CLANG_ENABLE_MODULES = YES;
				CLANG_ENABLE_OBJC_ARC = YES;
				CLANG_WARN_BLOCK_CAPTURE_AUTORELEASING = YES;
				CLANG_WARN_BOOL_CONVERSION = YES;
				CLANG_WARN_COMMA = YES;
				CLANG_WARN_CONSTANT_CONVERSION = YES;
				CLANG_WARN_DEPRECATED_OBJC_IMPLEMENTATIONS = YES;
				CLANG_WARN_DIRECT_OBJC_ISA_USAGE = YES_ERROR;
				CLANG_WARN_DOCUMENTATION_COMMENTS = YES;
				CLANG_WARN_EMPTY_BODY = YES;
				CLANG_WARN_ENUM_CONVERSION = YES;
				CLANG_WARN_INFINITE_RECURSION = YES;
				CLANG_WARN_INT_CONVERSION = YES;
				CLANG_WARN_NON_LITERAL_NULL_CONVERSION = YES;
				CLANG_WARN_OBJC_IMPLICIT_RETAIN_SELF = YES;
				CLANG_WARN_OBJC_LITERAL_CONVERSION = YES;
				CLANG_WARN_OBJC_ROOT_CLASS = YES_ERROR;
				CLANG_WARN_RANGE_LOOP_ANALYSIS = YES;
				CLANG_WARN_STRICT_PROTOTYPES = YES;
				CLANG_WARN_SUSPICIOUS_MOVE = YES;
				CLANG_WARN_UNGUARDED_AVAILABILITY = YES_AGGRESSIVE;
				CLANG_WARN_UNREACHABLE_CODE = YES;
				CLANG_WARN__DUPLICATE_METHOD_MATCH = YES;
				CODE_SIGN_IDENTITY = "iPhone Developer";
				COPY_PHASE_STRIP = NO;
				CURRENT_PROJECT_VERSION = 1;
				DEBUG_INFORMATION_FORMAT = dwarf;
				ENABLE_STRICT_OBJC_MSGSEND = YES;
				ENABLE_TESTABILITY = YES;
				GCC_C_LANGUAGE_STANDARD = gnu11;
				GCC_DYNAMIC_NO_PIC = NO;
				GCC_NO_COMMON_BLOCKS = YES;
				GCC_OPTIMIZATION_LEVEL = 0;
				GCC_PREPROCESSOR_DEFINITIONS = (
					"DEBUG=1",
					"$(inherited)",
				);
				GCC_WARN_64_TO_32_BIT_CONVERSION = YES;
				GCC_WARN_ABOUT_RETURN_TYPE = YES_ERROR;
				GCC_WARN_UNDECLARED_SELECTOR = YES;
				GCC_WARN_UNINITIALIZED_AUTOS = YES_AGGRESSIVE;
				GCC_WARN_UNUSED_FUNCTION = YES;
				GCC_WARN_UNUSED_VARIABLE = YES;
				IPHONEOS_DEPLOYMENT_TARGET = 11.2;
				MTL_ENABLE_DEBUG_INFO = YES;
				ONLY_ACTIVE_ARCH = YES;
				SDKROOT = iphoneos;
				SWIFT_ACTIVE_COMPILATION_CONDITIONS = DEBUG;
				SWIFT_OPTIMIZATION_LEVEL = "-Onone";
				VALID_ARCHS = arm64;
				VERSIONING_SYSTEM = "apple-generic";
				VERSION_INFO_PREFIX = "";
			};
			name = Debug;
		};
		AB0C4B652004502D007AC5A2 /* Release */ = {
			isa = XCBuildConfiguration;
			buildSettings = {
				ALWAYS_SEARCH_USER_PATHS = NO;
				CLANG_ANALYZER_NONNULL = YES;
				CLANG_ANALYZER_NUMBER_OBJECT_CONVERSION = YES_AGGRESSIVE;
				CLANG_CXX_LANGUAGE_STANDARD = "gnu++14";
				CLANG_CXX_LIBRARY = "libc++";
				CLANG_ENABLE_MODULES = YES;
				CLANG_ENABLE_OBJC_ARC = YES;
				CLANG_WARN_BLOCK_CAPTURE_AUTORELEASING = YES;
				CLANG_WARN_BOOL_CONVERSION = YES;
				CLANG_WARN_COMMA = YES;
				CLANG_WARN_CONSTANT_CONVERSION = YES;
				CLANG_WARN_DEPRECATED_OBJC_IMPLEMENTATIONS = YES;
				CLANG_WARN_DIRECT_OBJC_ISA_USAGE = YES_ERROR;
				CLANG_WARN_DOCUMENTATION_COMMENTS = YES;
				CLANG_WARN_EMPTY_BODY = YES;
				CLANG_WARN_ENUM_CONVERSION = YES;
				CLANG_WARN_INFINITE_RECURSION = YES;
				CLANG_WARN_INT_CONVERSION = YES;
				CLANG_WARN_NON_LITERAL_NULL_CONVERSION = YES;
				CLANG_WARN_OBJC_IMPLICIT_RETAIN_SELF = YES;
				CLANG_WARN_OBJC_LITERAL_CONVERSION = YES;
				CLANG_WARN_OBJC_ROOT_CLASS = YES_ERROR;
				CLANG_WARN_RANGE_LOOP_ANALYSIS = YES;
				CLANG_WARN_STRICT_PROTOTYPES = YES;
				CLANG_WARN_SUSPICIOUS_MOVE = YES;
				CLANG_WARN_UNGUARDED_AVAILABILITY = YES_AGGRESSIVE;
				CLANG_WARN_UNREACHABLE_CODE = YES;
				CLANG_WARN__DUPLICATE_METHOD_MATCH = YES;
				CODE_SIGN_IDENTITY = "iPhone Developer";
				COPY_PHASE_STRIP = NO;
				CURRENT_PROJECT_VERSION = 1;
				DEBUG_INFORMATION_FORMAT = "dwarf-with-dsym";
				ENABLE_NS_ASSERTIONS = NO;
				ENABLE_STRICT_OBJC_MSGSEND = YES;
				GCC_C_LANGUAGE_STANDARD = gnu11;
				GCC_NO_COMMON_BLOCKS = YES;
				GCC_WARN_64_TO_32_BIT_CONVERSION = YES;
				GCC_WARN_ABOUT_RETURN_TYPE = YES_ERROR;
				GCC_WARN_UNDECLARED_SELECTOR = YES;
				GCC_WARN_UNINITIALIZED_AUTOS = YES_AGGRESSIVE;
				GCC_WARN_UNUSED_FUNCTION = YES;
				GCC_WARN_UNUSED_VARIABLE = YES;
				IPHONEOS_DEPLOYMENT_TARGET = 11.2;
				MTL_ENABLE_DEBUG_INFO = NO;
				SDKROOT = iphoneos;
				SWIFT_OPTIMIZATION_LEVEL = "-Owholemodule";
				VALIDATE_PRODUCT = YES;
				VALID_ARCHS = arm64;
				VERSIONING_SYSTEM = "apple-generic";
				VERSION_INFO_PREFIX = "";
			};
			name = Release;
		};
		AB0C4B832004512A007AC5A2 /* Debug */ = {
			isa = XCBuildConfiguration;
			buildSettings = {
				CLANG_ENABLE_MODULES = YES;
				CODE_SIGN_IDENTITY = "-";
				CODE_SIGN_STYLE = Automatic;
				COMBINE_HIDPI_IMAGES = YES;
				DEFINES_MODULE = YES;
				DYLIB_COMPATIBILITY_VERSION = 1;
				DYLIB_CURRENT_VERSION = 1;
				DYLIB_INSTALL_NAME_BASE = "@rpath";
				FRAMEWORK_VERSION = A;
				INFOPLIST_FILE = Zippy/Info.plist;
				INSTALL_PATH = "$(LOCAL_LIBRARY_DIR)/Frameworks";
				LD_RUNPATH_SEARCH_PATHS = "$(inherited) @executable_path/../Frameworks @loader_path/Frameworks";
				MACOSX_DEPLOYMENT_TARGET = 10.13;
				PRODUCT_BUNDLE_IDENTIFIER = de.wetfish.Zippy;
				PRODUCT_NAME = Zippy;
				SDKROOT = macosx;
				SKIP_INSTALL = YES;
				SWIFT_OPTIMIZATION_LEVEL = "-Onone";
				SWIFT_VERSION = 5.0;
				VALID_ARCHS = x86_64;
			};
			name = Debug;
		};
		AB0C4B842004512A007AC5A2 /* Release */ = {
			isa = XCBuildConfiguration;
			buildSettings = {
				CLANG_ENABLE_MODULES = YES;
				CODE_SIGN_IDENTITY = "-";
				CODE_SIGN_STYLE = Automatic;
				COMBINE_HIDPI_IMAGES = YES;
				DEFINES_MODULE = YES;
				DYLIB_COMPATIBILITY_VERSION = 1;
				DYLIB_CURRENT_VERSION = 1;
				DYLIB_INSTALL_NAME_BASE = "@rpath";
				FRAMEWORK_VERSION = A;
				INFOPLIST_FILE = Zippy/Info.plist;
				INSTALL_PATH = "$(LOCAL_LIBRARY_DIR)/Frameworks";
				LD_RUNPATH_SEARCH_PATHS = "$(inherited) @executable_path/../Frameworks @loader_path/Frameworks";
				MACOSX_DEPLOYMENT_TARGET = 10.13;
				PRODUCT_BUNDLE_IDENTIFIER = de.wetfish.Zippy;
				PRODUCT_NAME = Zippy;
				SDKROOT = macosx;
				SKIP_INSTALL = YES;
				SWIFT_VERSION = 5.0;
				VALID_ARCHS = x86_64;
			};
			name = Release;
		};
		AB0C4B862004512A007AC5A2 /* Debug */ = {
			isa = XCBuildConfiguration;
			buildSettings = {
				ALWAYS_EMBED_SWIFT_STANDARD_LIBRARIES = YES;
				CODE_SIGN_IDENTITY = "-";
				CODE_SIGN_STYLE = Automatic;
				COMBINE_HIDPI_IMAGES = YES;
				INFOPLIST_FILE = ZippyTests/Info.plist;
				LD_RUNPATH_SEARCH_PATHS = "$(inherited) @executable_path/../Frameworks @loader_path/../Frameworks";
				MACOSX_DEPLOYMENT_TARGET = 10.13;
				PRODUCT_BUNDLE_IDENTIFIER = de.wetfish.ZippyTests;
				PRODUCT_NAME = "$(TARGET_NAME)";
				SDKROOT = macosx;
				SWIFT_VERSION = 5.0;
				VALID_ARCHS = x86_64;
			};
			name = Debug;
		};
		AB0C4B872004512A007AC5A2 /* Release */ = {
			isa = XCBuildConfiguration;
			buildSettings = {
				ALWAYS_EMBED_SWIFT_STANDARD_LIBRARIES = YES;
				CODE_SIGN_IDENTITY = "-";
				CODE_SIGN_STYLE = Automatic;
				COMBINE_HIDPI_IMAGES = YES;
				INFOPLIST_FILE = ZippyTests/Info.plist;
				LD_RUNPATH_SEARCH_PATHS = "$(inherited) @executable_path/../Frameworks @loader_path/../Frameworks";
				MACOSX_DEPLOYMENT_TARGET = 10.13;
				PRODUCT_BUNDLE_IDENTIFIER = de.wetfish.ZippyTests;
				PRODUCT_NAME = "$(TARGET_NAME)";
				SDKROOT = macosx;
				SWIFT_VERSION = 5.0;
				VALID_ARCHS = x86_64;
			};
			name = Release;
		};
		AB0C4BA1200451D2007AC5A2 /* Debug */ = {
			isa = XCBuildConfiguration;
			buildSettings = {
				CLANG_ENABLE_MODULES = YES;
				CODE_SIGN_IDENTITY = "";
				CODE_SIGN_STYLE = Automatic;
				DEFINES_MODULE = YES;
				DYLIB_COMPATIBILITY_VERSION = 1;
				DYLIB_CURRENT_VERSION = 1;
				DYLIB_INSTALL_NAME_BASE = "@rpath";
				INFOPLIST_FILE = Zippy/Info.plist;
				INSTALL_PATH = "$(LOCAL_LIBRARY_DIR)/Frameworks";
				LD_RUNPATH_SEARCH_PATHS = "$(inherited) @executable_path/Frameworks @loader_path/Frameworks";
				PRODUCT_BUNDLE_IDENTIFIER = de.wetfish.Zippy;
				PRODUCT_NAME = Zippy;
				SKIP_INSTALL = YES;
				SWIFT_OPTIMIZATION_LEVEL = "-Onone";
				SWIFT_VERSION = 4.0;
				TARGETED_DEVICE_FAMILY = "1,2";
			};
			name = Debug;
		};
		AB0C4BA2200451D2007AC5A2 /* Release */ = {
			isa = XCBuildConfiguration;
			buildSettings = {
				CLANG_ENABLE_MODULES = YES;
				CODE_SIGN_IDENTITY = "";
				CODE_SIGN_STYLE = Automatic;
				DEFINES_MODULE = YES;
				DYLIB_COMPATIBILITY_VERSION = 1;
				DYLIB_CURRENT_VERSION = 1;
				DYLIB_INSTALL_NAME_BASE = "@rpath";
				INFOPLIST_FILE = Zippy/Info.plist;
				INSTALL_PATH = "$(LOCAL_LIBRARY_DIR)/Frameworks";
				LD_RUNPATH_SEARCH_PATHS = "$(inherited) @executable_path/Frameworks @loader_path/Frameworks";
				PRODUCT_BUNDLE_IDENTIFIER = de.wetfish.Zippy;
				PRODUCT_NAME = Zippy;
				SKIP_INSTALL = YES;
				SWIFT_VERSION = 4.0;
				TARGETED_DEVICE_FAMILY = "1,2";
			};
			name = Release;
		};
		AB0C4BA4200451D2007AC5A2 /* Debug */ = {
			isa = XCBuildConfiguration;
			buildSettings = {
				ALWAYS_EMBED_SWIFT_STANDARD_LIBRARIES = YES;
				CODE_SIGN_STYLE = Automatic;
				INFOPLIST_FILE = ZippyTests/Info.plist;
				LD_RUNPATH_SEARCH_PATHS = "$(inherited) @executable_path/Frameworks @loader_path/Frameworks";
				PRODUCT_BUNDLE_IDENTIFIER = de.wetfish.ZippyTests;
				PRODUCT_NAME = "$(TARGET_NAME)";
				SWIFT_VERSION = 4.0;
				TARGETED_DEVICE_FAMILY = "1,2";
			};
			name = Debug;
		};
		AB0C4BA5200451D2007AC5A2 /* Release */ = {
			isa = XCBuildConfiguration;
			buildSettings = {
				ALWAYS_EMBED_SWIFT_STANDARD_LIBRARIES = YES;
				CODE_SIGN_STYLE = Automatic;
				INFOPLIST_FILE = ZippyTests/Info.plist;
				LD_RUNPATH_SEARCH_PATHS = "$(inherited) @executable_path/Frameworks @loader_path/Frameworks";
				PRODUCT_BUNDLE_IDENTIFIER = de.wetfish.ZippyTests;
				PRODUCT_NAME = "$(TARGET_NAME)";
				SWIFT_VERSION = 4.0;
				TARGETED_DEVICE_FAMILY = "1,2";
			};
			name = Release;
		};
/* End XCBuildConfiguration section */

/* Begin XCConfigurationList section */
		AB0C4B4C2004502C007AC5A2 /* Build configuration list for PBXProject "Zippy" */ = {
			isa = XCConfigurationList;
			buildConfigurations = (
				AB0C4B642004502D007AC5A2 /* Debug */,
				AB0C4B652004502D007AC5A2 /* Release */,
			);
			defaultConfigurationIsVisible = 0;
			defaultConfigurationName = Release;
		};
		AB0C4B822004512A007AC5A2 /* Build configuration list for PBXNativeTarget "Zippy-macOS" */ = {
			isa = XCConfigurationList;
			buildConfigurations = (
				AB0C4B832004512A007AC5A2 /* Debug */,
				AB0C4B842004512A007AC5A2 /* Release */,
			);
			defaultConfigurationIsVisible = 0;
			defaultConfigurationName = Release;
		};
		AB0C4B852004512A007AC5A2 /* Build configuration list for PBXNativeTarget "ZippyTests-macOS" */ = {
			isa = XCConfigurationList;
			buildConfigurations = (
				AB0C4B862004512A007AC5A2 /* Debug */,
				AB0C4B872004512A007AC5A2 /* Release */,
			);
			defaultConfigurationIsVisible = 0;
			defaultConfigurationName = Release;
		};
		AB0C4BA0200451D2007AC5A2 /* Build configuration list for PBXNativeTarget "Zippy-iOS" */ = {
			isa = XCConfigurationList;
			buildConfigurations = (
				AB0C4BA1200451D2007AC5A2 /* Debug */,
				AB0C4BA2200451D2007AC5A2 /* Release */,
			);
			defaultConfigurationIsVisible = 0;
			defaultConfigurationName = Release;
		};
		AB0C4BA3200451D2007AC5A2 /* Build configuration list for PBXNativeTarget "ZippyTests-iOS" */ = {
			isa = XCConfigurationList;
			buildConfigurations = (
				AB0C4BA4200451D2007AC5A2 /* Debug */,
				AB0C4BA5200451D2007AC5A2 /* Release */,
			);
			defaultConfigurationIsVisible = 0;
			defaultConfigurationName = Release;
		};
/* End XCConfigurationList section */
	};
	rootObject = AB0C4B492004502C007AC5A2 /* Project object */;
}
